
Microsoft Visual Studio Solution File, Format Version 12.00
# Visual Studio Version 17
VisualStudioVersion = 17.4.33205.214
MinimumVisualStudioVersion = 10.0.40219.1
Project("{FAE04EC0-301F-11D3-BF4B-00C04F79EFBC}") = "WebApplication4", "WebApplication4\WebApplication4.csproj", "{9DD4A65A-824E-4FB8-B732-2931251E3DEB}"
EndProject
Global
	GlobalSection(SolutionConfigurationPlatforms) = preSolution
		Debug|Any CPU = Debug|Any CPU
		Release|Any CPU = Release|Any CPU
	EndGlobalSection
	GlobalSection(ProjectConfigurationPlatforms) = postSolution
		{9DD4A65A-824E-4FB8-B732-2931251E3DEB}.Debug|Any CPU.ActiveCfg = Debug|Any CPU
		{9DD4A65A-824E-4FB8-B732-2931251E3DEB}.Debug|Any CPU.Build.0 = Debug|Any CPU
		{9DD4A65A-824E-4FB8-B732-2931251E3DEB}.Release|Any CPU.ActiveCfg = Release|Any CPU
		{9DD4A65A-824E-4FB8-B732-2931251E3DEB}.Release|Any CPU.Build.0 = Release|Any CPU
	EndGlobalSection
	GlobalSection(SolutionProperties) = preSolution
		HideSolutionNode = FALSE
	EndGlobalSection
	GlobalSection(ExtensibilityGlobals) = postSolution
		SolutionGuid = {29F47AA7-30B8-4E66-80BD-B112CF2880AF}
	EndGlobalSection
EndGlobal
